
Microsoft Visual Studio Solution File, Format Version 12.00
# Visual Studio Version 17
VisualStudioVersion = 17.11.35327.3
MinimumVisualStudioVersion = 10.0.40219.1
Project("{FAE04EC0-301F-11D3-BF4B-00C04F79EFBC}") = "ContenedorUniformGrid2", "ContenedorUniformGrid2\ContenedorUniformGrid2.csproj", "{9E002D84-6D48-423A-ABBA-83B324E7187F}"
EndProject
Global
	GlobalSection(SolutionConfigurationPlatforms) = preSolution
		Debug|Any CPU = Debug|Any CPU
		Release|Any CPU = Release|Any CPU
	EndGlobalSection
	GlobalSection(ProjectConfigurationPlatforms) = postSolution
		{9E002D84-6D48-423A-ABBA-83B324E7187F}.Debug|Any CPU.ActiveCfg = Debug|Any CPU
		{9E002D84-6D48-423A-ABBA-83B324E7187F}.Debug|Any CPU.Build.0 = Debug|Any CPU
		{9E002D84-6D48-423A-ABBA-83B324E7187F}.Release|Any CPU.ActiveCfg = Release|Any CPU
		{9E002D84-6D48-423A-ABBA-83B324E7187F}.Release|Any CPU.Build.0 = Release|Any CPU
	EndGlobalSection
	GlobalSection(SolutionProperties) = preSolution
		HideSolutionNode = FALSE
	EndGlobalSection
	GlobalSection(ExtensibilityGlobals) = postSolution
		SolutionGuid = {880DD3C5-BA21-4C13-B630-B2D61E0BFA84}
	EndGlobalSection
EndGlobal
