
Microsoft Visual Studio Solution File, Format Version 12.00
# Visual Studio Version 17
VisualStudioVersion = 17.11.35327.3
MinimumVisualStudioVersion = 10.0.40219.1
Project("{FAE04EC0-301F-11D3-BF4B-00C04F79EFBC}") = "GridsEmails", "GridsEmails\GridsEmails.csproj", "{92D91641-D690-4524-815B-42D778C2C156}"
EndProject
Global
	GlobalSection(SolutionConfigurationPlatforms) = preSolution
		Debug|Any CPU = Debug|Any CPU
		Release|Any CPU = Release|Any CPU
	EndGlobalSection
	GlobalSection(ProjectConfigurationPlatforms) = postSolution
		{92D91641-D690-4524-815B-42D778C2C156}.Debug|Any CPU.ActiveCfg = Debug|Any CPU
		{92D91641-D690-4524-815B-42D778C2C156}.Debug|Any CPU.Build.0 = Debug|Any CPU
		{92D91641-D690-4524-815B-42D778C2C156}.Release|Any CPU.ActiveCfg = Release|Any CPU
		{92D91641-D690-4524-815B-42D778C2C156}.Release|Any CPU.Build.0 = Release|Any CPU
	EndGlobalSection
	GlobalSection(SolutionProperties) = preSolution
		HideSolutionNode = FALSE
	EndGlobalSection
	GlobalSection(ExtensibilityGlobals) = postSolution
		SolutionGuid = {C869B465-4952-4CC4-B55E-14769A1BD645}
	EndGlobalSection
EndGlobal
