
Microsoft Visual Studio Solution File, Format Version 12.00
# Visual Studio Version 17
VisualStudioVersion = 17.11.35327.3
MinimumVisualStudioVersion = 10.0.40219.1
Project("{FAE04EC0-301F-11D3-BF4B-00C04F79EFBC}") = "UniformGrid", "UniformGrid\UniformGrid.csproj", "{18190EFC-1FBE-4173-8E0E-9FEE3F373409}"
EndProject
Global
	GlobalSection(SolutionConfigurationPlatforms) = preSolution
		Debug|Any CPU = Debug|Any CPU
		Release|Any CPU = Release|Any CPU
	EndGlobalSection
	GlobalSection(ProjectConfigurationPlatforms) = postSolution
		{18190EFC-1FBE-4173-8E0E-9FEE3F373409}.Debug|Any CPU.ActiveCfg = Debug|Any CPU
		{18190EFC-1FBE-4173-8E0E-9FEE3F373409}.Debug|Any CPU.Build.0 = Debug|Any CPU
		{18190EFC-1FBE-4173-8E0E-9FEE3F373409}.Release|Any CPU.ActiveCfg = Release|Any CPU
		{18190EFC-1FBE-4173-8E0E-9FEE3F373409}.Release|Any CPU.Build.0 = Release|Any CPU
	EndGlobalSection
	GlobalSection(SolutionProperties) = preSolution
		HideSolutionNode = FALSE
	EndGlobalSection
	GlobalSection(ExtensibilityGlobals) = postSolution
		SolutionGuid = {F4DF216D-C01A-456C-B850-C6DB846DC284}
	EndGlobalSection
EndGlobal
