
Microsoft Visual Studio Solution File, Format Version 12.00
# Visual Studio Version 17
VisualStudioVersion = 17.11.35327.3
MinimumVisualStudioVersion = 10.0.40219.1
Project("{FAE04EC0-301F-11D3-BF4B-00C04F79EFBC}") = "ProxyScraper", "ProxyScraper\ProxyScraper.csproj", "{465CF919-F2E6-41F2-B161-E1AD7402A37A}"
EndProject
Global
	GlobalSection(SolutionConfigurationPlatforms) = preSolution
		Debug|Any CPU = Debug|Any CPU
		Release|Any CPU = Release|Any CPU
	EndGlobalSection
	GlobalSection(ProjectConfigurationPlatforms) = postSolution
		{465CF919-F2E6-41F2-B161-E1AD7402A37A}.Debug|Any CPU.ActiveCfg = Debug|Any CPU
		{465CF919-F2E6-41F2-B161-E1AD7402A37A}.Debug|Any CPU.Build.0 = Debug|Any CPU
		{465CF919-F2E6-41F2-B161-E1AD7402A37A}.Release|Any CPU.ActiveCfg = Release|Any CPU
		{465CF919-F2E6-41F2-B161-E1AD7402A37A}.Release|Any CPU.Build.0 = Release|Any CPU
	EndGlobalSection
	GlobalSection(SolutionProperties) = preSolution
		HideSolutionNode = FALSE
	EndGlobalSection
	GlobalSection(ExtensibilityGlobals) = postSolution
		SolutionGuid = {DE5C1E78-BF8C-4AEC-8FE5-1ADDFB8254CE}
	EndGlobalSection
EndGlobal
