
Microsoft Visual Studio Solution File, Format Version 12.00
# Visual Studio Version 17
VisualStudioVersion = 17.11.35327.3
MinimumVisualStudioVersion = 10.0.40219.1
Project("{FAE04EC0-301F-11D3-BF4B-00C04F79EFBC}") = "AccesoUsuarios", "AccesoUsuarios\AccesoUsuarios.csproj", "{20AAC489-0B47-4E0A-BF3C-33C42CF8CCEF}"
EndProject
Global
	GlobalSection(SolutionConfigurationPlatforms) = preSolution
		Debug|Any CPU = Debug|Any CPU
		Release|Any CPU = Release|Any CPU
	EndGlobalSection
	GlobalSection(ProjectConfigurationPlatforms) = postSolution
		{20AAC489-0B47-4E0A-BF3C-33C42CF8CCEF}.Debug|Any CPU.ActiveCfg = Debug|Any CPU
		{20AAC489-0B47-4E0A-BF3C-33C42CF8CCEF}.Debug|Any CPU.Build.0 = Debug|Any CPU
		{20AAC489-0B47-4E0A-BF3C-33C42CF8CCEF}.Release|Any CPU.ActiveCfg = Release|Any CPU
		{20AAC489-0B47-4E0A-BF3C-33C42CF8CCEF}.Release|Any CPU.Build.0 = Release|Any CPU
	EndGlobalSection
	GlobalSection(SolutionProperties) = preSolution
		HideSolutionNode = FALSE
	EndGlobalSection
	GlobalSection(ExtensibilityGlobals) = postSolution
		SolutionGuid = {6AF9D38C-30EB-424D-BAF0-1B9042DBC4C5}
	EndGlobalSection
EndGlobal
