
Microsoft Visual Studio Solution File, Format Version 12.00
# Visual Studio Version 17
VisualStudioVersion = 17.11.35312.102
MinimumVisualStudioVersion = 10.0.40219.1
Project("{FAE04EC0-301F-11D3-BF4B-00C04F79EFBC}") = "MarioBros", "MarioBros\MarioBros.csproj", "{32CFC8BF-6887-42C0-922B-C75C70BCE306}"
EndProject
Global
	GlobalSection(SolutionConfigurationPlatforms) = preSolution
		Debug|Any CPU = Debug|Any CPU
		Release|Any CPU = Release|Any CPU
	EndGlobalSection
	GlobalSection(ProjectConfigurationPlatforms) = postSolution
		{32CFC8BF-6887-42C0-922B-C75C70BCE306}.Debug|Any CPU.ActiveCfg = Debug|Any CPU
		{32CFC8BF-6887-42C0-922B-C75C70BCE306}.Debug|Any CPU.Build.0 = Debug|Any CPU
		{32CFC8BF-6887-42C0-922B-C75C70BCE306}.Release|Any CPU.ActiveCfg = Release|Any CPU
		{32CFC8BF-6887-42C0-922B-C75C70BCE306}.Release|Any CPU.Build.0 = Release|Any CPU
	EndGlobalSection
	GlobalSection(SolutionProperties) = preSolution
		HideSolutionNode = FALSE
	EndGlobalSection
	GlobalSection(ExtensibilityGlobals) = postSolution
		SolutionGuid = {CB1FED11-4744-4C4F-97D4-0E523C28A6E3}
	EndGlobalSection
EndGlobal
