
Microsoft Visual Studio Solution File, Format Version 12.00
# Visual Studio Version 17
VisualStudioVersion = 17.11.35327.3
MinimumVisualStudioVersion = 10.0.40219.1
Project("{FAE04EC0-301F-11D3-BF4B-00C04F79EFBC}") = "MiniHito1", "MiniHito1\MiniHito1.csproj", "{6A0B5238-B767-4442-9340-4DA2095DB93B}"
EndProject
Global
	GlobalSection(SolutionConfigurationPlatforms) = preSolution
		Debug|Any CPU = Debug|Any CPU
		Release|Any CPU = Release|Any CPU
	EndGlobalSection
	GlobalSection(ProjectConfigurationPlatforms) = postSolution
		{6A0B5238-B767-4442-9340-4DA2095DB93B}.Debug|Any CPU.ActiveCfg = Debug|Any CPU
		{6A0B5238-B767-4442-9340-4DA2095DB93B}.Debug|Any CPU.Build.0 = Debug|Any CPU
		{6A0B5238-B767-4442-9340-4DA2095DB93B}.Release|Any CPU.ActiveCfg = Release|Any CPU
		{6A0B5238-B767-4442-9340-4DA2095DB93B}.Release|Any CPU.Build.0 = Release|Any CPU
	EndGlobalSection
	GlobalSection(SolutionProperties) = preSolution
		HideSolutionNode = FALSE
	EndGlobalSection
	GlobalSection(ExtensibilityGlobals) = postSolution
		SolutionGuid = {8CB8DBE1-3708-4F10-81B0-6CDDA7C96FF0}
	EndGlobalSection
EndGlobal
