
Microsoft Visual Studio Solution File, Format Version 12.00
# Visual Studio Version 17
VisualStudioVersion = 17.11.35327.3
MinimumVisualStudioVersion = 10.0.40219.1
Project("{FAE04EC0-301F-11D3-BF4B-00C04F79EFBC}") = "DataGridView", "DataGridView\DataGridView.csproj", "{B106AC8D-083C-46ED-AA88-FD2A20BA6485}"
EndProject
Global
	GlobalSection(SolutionConfigurationPlatforms) = preSolution
		Debug|Any CPU = Debug|Any CPU
		Release|Any CPU = Release|Any CPU
	EndGlobalSection
	GlobalSection(ProjectConfigurationPlatforms) = postSolution
		{B106AC8D-083C-46ED-AA88-FD2A20BA6485}.Debug|Any CPU.ActiveCfg = Debug|Any CPU
		{B106AC8D-083C-46ED-AA88-FD2A20BA6485}.Debug|Any CPU.Build.0 = Debug|Any CPU
		{B106AC8D-083C-46ED-AA88-FD2A20BA6485}.Release|Any CPU.ActiveCfg = Release|Any CPU
		{B106AC8D-083C-46ED-AA88-FD2A20BA6485}.Release|Any CPU.Build.0 = Release|Any CPU
	EndGlobalSection
	GlobalSection(SolutionProperties) = preSolution
		HideSolutionNode = FALSE
	EndGlobalSection
	GlobalSection(ExtensibilityGlobals) = postSolution
		SolutionGuid = {F4626C70-5D1A-47C5-AA19-488385BA7EBF}
	EndGlobalSection
EndGlobal
