
Microsoft Visual Studio Solution File, Format Version 12.00
# Visual Studio Version 17
VisualStudioVersion = 17.11.35327.3
MinimumVisualStudioVersion = 10.0.40219.1
Project("{FAE04EC0-301F-11D3-BF4B-00C04F79EFBC}") = "DialogoModalNoModal", "DialogoModalNoModal\DialogoModalNoModal.csproj", "{8D71407A-DC5E-4D52-8B6F-18F37333FDC5}"
EndProject
Global
	GlobalSection(SolutionConfigurationPlatforms) = preSolution
		Debug|Any CPU = Debug|Any CPU
		Release|Any CPU = Release|Any CPU
	EndGlobalSection
	GlobalSection(ProjectConfigurationPlatforms) = postSolution
		{8D71407A-DC5E-4D52-8B6F-18F37333FDC5}.Debug|Any CPU.ActiveCfg = Debug|Any CPU
		{8D71407A-DC5E-4D52-8B6F-18F37333FDC5}.Debug|Any CPU.Build.0 = Debug|Any CPU
		{8D71407A-DC5E-4D52-8B6F-18F37333FDC5}.Release|Any CPU.ActiveCfg = Release|Any CPU
		{8D71407A-DC5E-4D52-8B6F-18F37333FDC5}.Release|Any CPU.Build.0 = Release|Any CPU
	EndGlobalSection
	GlobalSection(SolutionProperties) = preSolution
		HideSolutionNode = FALSE
	EndGlobalSection
	GlobalSection(ExtensibilityGlobals) = postSolution
		SolutionGuid = {725AD280-5B09-4AF7-8197-2D7BD3343B97}
	EndGlobalSection
EndGlobal
